// !$*UTF8*$!
{
	archiveVersion = 1;
	classes = {
	};
	objectVersion = 50;
	objects = {

/* Begin PBXBuildFile section */
		028DC8F26E963DC44D2A6F56 /* Pods_Flix.framework in Frameworks */ = {isa = PBXBuildFile; fileRef = 189AFB7B4949FE39C50A4DCB /* Pods_Flix.framework */; };
		22F1C717A69C1D0402E6335A /* Pods_FlixTests.framework in Frameworks */ = {isa = PBXBuildFile; fileRef = 84F4C5DF2D22EE14769A1D5C /* Pods_FlixTests.framework */; };
		3C39714E213DEF8400358E89 /* AppDelegate.swift in Sources */ = {isa = PBXBuildFile; fileRef = 3C39714D213DEF8400358E89 /* AppDelegate.swift */; };
		3C397153213DEF8400358E89 /* Main.storyboard in Resources */ = {isa = PBXBuildFile; fileRef = 3C397151213DEF8400358E89 /* Main.storyboard */; };
		3C397155213DEF8600358E89 /* Assets.xcassets in Resources */ = {isa = PBXBuildFile; fileRef = 3C397154213DEF8600358E89 /* Assets.xcassets */; };
		3C397158213DEF8600358E89 /* LaunchScreen.storyboard in Resources */ = {isa = PBXBuildFile; fileRef = 3C397156213DEF8600358E89 /* LaunchScreen.storyboard */; };
		3C397163213DEF8600358E89 /* FlixTests.swift in Sources */ = {isa = PBXBuildFile; fileRef = 3C397162213DEF8600358E89 /* FlixTests.swift */; };
		3C39716E213DEF8600358E89 /* FlixUITests.swift in Sources */ = {isa = PBXBuildFile; fileRef = 3C39716D213DEF8600358E89 /* FlixUITests.swift */; };
		3C39717C213DF8B900358E89 /* NowPlayingViewController.swift in Sources */ = {isa = PBXBuildFile; fileRef = 3C39717B213DF8B900358E89 /* NowPlayingViewController.swift */; };
		3C57DBEA213E07D300623B60 /* MovieCell.swift in Sources */ = {isa = PBXBuildFile; fileRef = 3C57DBE9213E07D300623B60 /* MovieCell.swift */; };
		3C9FB90B214ADAB8008B3279 /* PosterCell.swift in Sources */ = {isa = PBXBuildFile; fileRef = 3C9FB90A214ADAB8008B3279 /* PosterCell.swift */; };
		3C9FB90D214ADB18008B3279 /* SuperheroViewController.swift in Sources */ = {isa = PBXBuildFile; fileRef = 3C9FB90C214ADB18008B3279 /* SuperheroViewController.swift */; };
		3CC96E4B2149BB0A0002FBFF /* DetailViewController.swift in Sources */ = {isa = PBXBuildFile; fileRef = 3CC96E4A2149BB0A0002FBFF /* DetailViewController.swift */; };
		B3A0DD2B3D699D6039AB7757 /* Pods_FlixUITests.framework in Frameworks */ = {isa = PBXBuildFile; fileRef = C8B36EFDC6765363A1BCB17E /* Pods_FlixUITests.framework */; };
/* End PBXBuildFile section */

/* Begin PBXContainerItemProxy section */
		3C39715F213DEF8600358E89 /* PBXContainerItemProxy */ = {
			isa = PBXContainerItemProxy;
			containerPortal = 3C397142213DEF8400358E89 /* Project object */;
			proxyType = 1;
			remoteGlobalIDString = 3C397149213DEF8400358E89;
			remoteInfo = Flix;
		};
		3C39716A213DEF8600358E89 /* PBXContainerItemProxy */ = {
			isa = PBXContainerItemProxy;
			containerPortal = 3C397142213DEF8400358E89 /* Project object */;
			proxyType = 1;
			remoteGlobalIDString = 3C397149213DEF8400358E89;
			remoteInfo = Flix;
		};
/* End PBXContainerItemProxy section */

/* Begin PBXFileReference section */
		009817E754BD97F771A6870B /* Pods-FlixTests.debug.xcconfig */ = {isa = PBXFileReference; includeInIndex = 1; lastKnownFileType = text.xcconfig; name = "Pods-FlixTests.debug.xcconfig"; path = "Pods/Target Support Files/Pods-FlixTests/Pods-FlixTests.debug.xcconfig"; sourceTree = "<group>"; };
		189AFB7B4949FE39C50A4DCB /* Pods_Flix.framework */ = {isa = PBXFileReference; explicitFileType = wrapper.framework; includeInIndex = 0; path = Pods_Flix.framework; sourceTree = BUILT_PRODUCTS_DIR; };
		3C39714A213DEF8400358E89 /* Flix.app */ = {isa = PBXFileReference; explicitFileType = wrapper.application; includeInIndex = 0; path = Flix.app; sourceTree = BUILT_PRODUCTS_DIR; };
		3C39714D213DEF8400358E89 /* AppDelegate.swift */ = {isa = PBXFileReference; lastKnownFileType = sourcecode.swift; path = AppDelegate.swift; sourceTree = "<group>"; };
		3C397152213DEF8400358E89 /* Base */ = {isa = PBXFileReference; lastKnownFileType = file.storyboard; name = Base; path = Base.lproj/Main.storyboard; sourceTree = "<group>"; };
		3C397154213DEF8600358E89 /* Assets.xcassets */ = {isa = PBXFileReference; lastKnownFileType = folder.assetcatalog; path = Assets.xcassets; sourceTree = "<group>"; };
		3C397157213DEF8600358E89 /* Base */ = {isa = PBXFileReference; lastKnownFileType = file.storyboard; name = Base; path = Base.lproj/LaunchScreen.storyboard; sourceTree = "<group>"; };
		3C397159213DEF8600358E89 /* Info.plist */ = {isa = PBXFileReference; lastKnownFileType = text.plist.xml; path = Info.plist; sourceTree = "<group>"; };
		3C39715E213DEF8600358E89 /* FlixTests.xctest */ = {isa = PBXFileReference; explicitFileType = wrapper.cfbundle; includeInIndex = 0; path = FlixTests.xctest; sourceTree = BUILT_PRODUCTS_DIR; };
		3C397162213DEF8600358E89 /* FlixTests.swift */ = {isa = PBXFileReference; lastKnownFileType = sourcecode.swift; path = FlixTests.swift; sourceTree = "<group>"; };
		3C397164213DEF8600358E89 /* Info.plist */ = {isa = PBXFileReference; lastKnownFileType = text.plist.xml; path = Info.plist; sourceTree = "<group>"; };
		3C397169213DEF8600358E89 /* FlixUITests.xctest */ = {isa = PBXFileReference; explicitFileType = wrapper.cfbundle; includeInIndex = 0; path = FlixUITests.xctest; sourceTree = BUILT_PRODUCTS_DIR; };
		3C39716D213DEF8600358E89 /* FlixUITests.swift */ = {isa = PBXFileReference; lastKnownFileType = sourcecode.swift; path = FlixUITests.swift; sourceTree = "<group>"; };
		3C39716F213DEF8600358E89 /* Info.plist */ = {isa = PBXFileReference; lastKnownFileType = text.plist.xml; path = Info.plist; sourceTree = "<group>"; };
		3C39717B213DF8B900358E89 /* NowPlayingViewController.swift */ = {isa = PBXFileReference; lastKnownFileType = sourcecode.swift; path = NowPlayingViewController.swift; sourceTree = "<group>"; };
		3C57DBE9213E07D300623B60 /* MovieCell.swift */ = {isa = PBXFileReference; lastKnownFileType = sourcecode.swift; path = MovieCell.swift; sourceTree = "<group>"; };
		3C9FB90A214ADAB8008B3279 /* PosterCell.swift */ = {isa = PBXFileReference; lastKnownFileType = sourcecode.swift; path = PosterCell.swift; sourceTree = "<group>"; };
		3C9FB90C214ADB18008B3279 /* SuperheroViewController.swift */ = {isa = PBXFileReference; lastKnownFileType = sourcecode.swift; path = SuperheroViewController.swift; sourceTree = "<group>"; };
		3CC96E4A2149BB0A0002FBFF /* DetailViewController.swift */ = {isa = PBXFileReference; lastKnownFileType = sourcecode.swift; path = DetailViewController.swift; sourceTree = "<group>"; };
		41DA12D49BF05E5CE82BD3F4 /* Pods-FlixTests.release.xcconfig */ = {isa = PBXFileReference; includeInIndex = 1; lastKnownFileType = text.xcconfig; name = "Pods-FlixTests.release.xcconfig"; path = "Pods/Target Support Files/Pods-FlixTests/Pods-FlixTests.release.xcconfig"; sourceTree = "<group>"; };
		7977214B98F104B453A29D88 /* Pods-Flix.debug.xcconfig */ = {isa = PBXFileReference; includeInIndex = 1; lastKnownFileType = text.xcconfig; name = "Pods-Flix.debug.xcconfig"; path = "Pods/Target Support Files/Pods-Flix/Pods-Flix.debug.xcconfig"; sourceTree = "<group>"; };
		84F4C5DF2D22EE14769A1D5C /* Pods_FlixTests.framework */ = {isa = PBXFileReference; explicitFileType = wrapper.framework; includeInIndex = 0; path = Pods_FlixTests.framework; sourceTree = BUILT_PRODUCTS_DIR; };
		BE6BB56ECE3F18C35F762102 /* Pods-Flix.release.xcconfig */ = {isa = PBXFileReference; includeInIndex = 1; lastKnownFileType = text.xcconfig; name = "Pods-Flix.release.xcconfig"; path = "Pods/Target Support Files/Pods-Flix/Pods-Flix.release.xcconfig"; sourceTree = "<group>"; };
		C8B36EFDC6765363A1BCB17E /* Pods_FlixUITests.framework */ = {isa = PBXFileReference; explicitFileType = wrapper.framework; includeInIndex = 0; path = Pods_FlixUITests.framework; sourceTree = BUILT_PRODUCTS_DIR; };
		ECE2177EC29D764DE9355580 /* Pods-FlixUITests.debug.xcconfig */ = {isa = PBXFileReference; includeInIndex = 1; lastKnownFileType = text.xcconfig; name = "Pods-FlixUITests.debug.xcconfig"; path = "Pods/Target Support Files/Pods-FlixUITests/Pods-FlixUITests.debug.xcconfig"; sourceTree = "<group>"; };
		F7A4AC72F2E34D4702DD5201 /* Pods-FlixUITests.release.xcconfig */ = {isa = PBXFileReference; includeInIndex = 1; lastKnownFileType = text.xcconfig; name = "Pods-FlixUITests.release.xcconfig"; path = "Pods/Target Support Files/Pods-FlixUITests/Pods-FlixUITests.release.xcconfig"; sourceTree = "<group>"; };
/* End PBXFileReference section */

/* Begin PBXFrameworksBuildPhase section */
		3C397147213DEF8400358E89 /* Frameworks */ = {
			isa = PBXFrameworksBuildPhase;
			buildActionMask = 2147483647;
			files = (
				028DC8F26E963DC44D2A6F56 /* Pods_Flix.framework in Frameworks */,
			);
			runOnlyForDeploymentPostprocessing = 0;
		};
		3C39715B213DEF8600358E89 /* Frameworks */ = {
			isa = PBXFrameworksBuildPhase;
			buildActionMask = 2147483647;
			files = (
				22F1C717A69C1D0402E6335A /* Pods_FlixTests.framework in Frameworks */,
			);
			runOnlyForDeploymentPostprocessing = 0;
		};
		3C397166213DEF8600358E89 /* Frameworks */ = {
			isa = PBXFrameworksBuildPhase;
			buildActionMask = 2147483647;
			files = (
				B3A0DD2B3D699D6039AB7757 /* Pods_FlixUITests.framework in Frameworks */,
			);
			runOnlyForDeploymentPostprocessing = 0;
		};
/* End PBXFrameworksBuildPhase section */

/* Begin PBXGroup section */
		3C397141213DEF8400358E89 = {
			isa = PBXGroup;
			children = (
				3C39714C213DEF8400358E89 /* Flix */,
				3C397161213DEF8600358E89 /* FlixTests */,
				3C39716C213DEF8600358E89 /* FlixUITests */,
				3C39714B213DEF8400358E89 /* Products */,
				9D3AFAE6B02C1D4E64E0B08D /* Pods */,
				71987178CDBA11B9DFF2641A /* Frameworks */,
			);
			sourceTree = "<group>";
		};
		3C39714B213DEF8400358E89 /* Products */ = {
			isa = PBXGroup;
			children = (
				3C39714A213DEF8400358E89 /* Flix.app */,
				3C39715E213DEF8600358E89 /* FlixTests.xctest */,
				3C397169213DEF8600358E89 /* FlixUITests.xctest */,
			);
			name = Products;
			sourceTree = "<group>";
		};
		3C39714C213DEF8400358E89 /* Flix */ = {
			isa = PBXGroup;
			children = (
				3CC96E492149BAAE0002FBFF /* Views */,
				3CC96E482149BA860002FBFF /* ViewControllers */,
				3C39714D213DEF8400358E89 /* AppDelegate.swift */,
				3C397151213DEF8400358E89 /* Main.storyboard */,
				3C397154213DEF8600358E89 /* Assets.xcassets */,
				3C397156213DEF8600358E89 /* LaunchScreen.storyboard */,
				3C397159213DEF8600358E89 /* Info.plist */,
			);
			path = Flix;
			sourceTree = "<group>";
		};
		3C397161213DEF8600358E89 /* FlixTests */ = {
			isa = PBXGroup;
			children = (
				3C397162213DEF8600358E89 /* FlixTests.swift */,
				3C397164213DEF8600358E89 /* Info.plist */,
			);
			path = FlixTests;
			sourceTree = "<group>";
		};
		3C39716C213DEF8600358E89 /* FlixUITests */ = {
			isa = PBXGroup;
			children = (
				3C39716D213DEF8600358E89 /* FlixUITests.swift */,
				3C39716F213DEF8600358E89 /* Info.plist */,
			);
			path = FlixUITests;
			sourceTree = "<group>";
		};
		3CC96E482149BA860002FBFF /* ViewControllers */ = {
			isa = PBXGroup;
			children = (
				3C39717B213DF8B900358E89 /* NowPlayingViewController.swift */,
				3CC96E4A2149BB0A0002FBFF /* DetailViewController.swift */,
				3C9FB90C214ADB18008B3279 /* SuperheroViewController.swift */,
			);
			path = ViewControllers;
			sourceTree = "<group>";
		};
		3CC96E492149BAAE0002FBFF /* Views */ = {
			isa = PBXGroup;
			children = (
				3C57DBE9213E07D300623B60 /* MovieCell.swift */,
				3C9FB90A214ADAB8008B3279 /* PosterCell.swift */,
			);
			path = Views;
			sourceTree = "<group>";
		};
		71987178CDBA11B9DFF2641A /* Frameworks */ = {
			isa = PBXGroup;
			children = (
				189AFB7B4949FE39C50A4DCB /* Pods_Flix.framework */,
				84F4C5DF2D22EE14769A1D5C /* Pods_FlixTests.framework */,
				C8B36EFDC6765363A1BCB17E /* Pods_FlixUITests.framework */,
			);
			name = Frameworks;
			sourceTree = "<group>";
		};
		9D3AFAE6B02C1D4E64E0B08D /* Pods */ = {
			isa = PBXGroup;
			children = (
				7977214B98F104B453A29D88 /* Pods-Flix.debug.xcconfig */,
				BE6BB56ECE3F18C35F762102 /* Pods-Flix.release.xcconfig */,
				009817E754BD97F771A6870B /* Pods-FlixTests.debug.xcconfig */,
				41DA12D49BF05E5CE82BD3F4 /* Pods-FlixTests.release.xcconfig */,
				ECE2177EC29D764DE9355580 /* Pods-FlixUITests.debug.xcconfig */,
				F7A4AC72F2E34D4702DD5201 /* Pods-FlixUITests.release.xcconfig */,
			);
			name = Pods;
			sourceTree = "<group>";
		};
/* End PBXGroup section */

/* Begin PBXNativeTarget section */
		3C397149213DEF8400358E89 /* Flix */ = {
			isa = PBXNativeTarget;
			buildConfigurationList = 3C397172213DEF8600358E89 /* Build configuration list for PBXNativeTarget "Flix" */;
			buildPhases = (
				0D3AB02A915761A832F815EC /* [CP] Check Pods Manifest.lock */,
				3C397146213DEF8400358E89 /* Sources */,
				3C397147213DEF8400358E89 /* Frameworks */,
				3C397148213DEF8400358E89 /* Resources */,
				0A762195148EA56451A7D147 /* [CP] Embed Pods Frameworks */,
			);
			buildRules = (
			);
			dependencies = (
			);
			name = Flix;
			productName = Flix;
			productReference = 3C39714A213DEF8400358E89 /* Flix.app */;
			productType = "com.apple.product-type.application";
		};
		3C39715D213DEF8600358E89 /* FlixTests */ = {
			isa = PBXNativeTarget;
			buildConfigurationList = 3C397175213DEF8600358E89 /* Build configuration list for PBXNativeTarget "FlixTests" */;
			buildPhases = (
				AE231E04905BAC0D23B8BABE /* [CP] Check Pods Manifest.lock */,
				3C39715A213DEF8600358E89 /* Sources */,
				3C39715B213DEF8600358E89 /* Frameworks */,
				3C39715C213DEF8600358E89 /* Resources */,
			);
			buildRules = (
			);
			dependencies = (
				3C397160213DEF8600358E89 /* PBXTargetDependency */,
			);
			name = FlixTests;
			productName = FlixTests;
			productReference = 3C39715E213DEF8600358E89 /* FlixTests.xctest */;
			productType = "com.apple.product-type.bundle.unit-test";
		};
		3C397168213DEF8600358E89 /* FlixUITests */ = {
			isa = PBXNativeTarget;
			buildConfigurationList = 3C397178213DEF8600358E89 /* Build configuration list for PBXNativeTarget "FlixUITests" */;
			buildPhases = (
				284B50E81180F7C0A01A7F0E /* [CP] Check Pods Manifest.lock */,
				3C397165213DEF8600358E89 /* Sources */,
				3C397166213DEF8600358E89 /* Frameworks */,
				3C397167213DEF8600358E89 /* Resources */,
			);
			buildRules = (
			);
			dependencies = (
				3C39716B213DEF8600358E89 /* PBXTargetDependency */,
			);
			name = FlixUITests;
			productName = FlixUITests;
			productReference = 3C397169213DEF8600358E89 /* FlixUITests.xctest */;
			productType = "com.apple.product-type.bundle.ui-testing";
		};
/* End PBXNativeTarget section */

/* Begin PBXProject section */
		3C397142213DEF8400358E89 /* Project object */ = {
			isa = PBXProject;
			attributes = {
				LastSwiftUpdateCheck = 0940;
				LastUpgradeCheck = 0940;
				ORGANIZATIONNAME = "Donie Ypon";
				TargetAttributes = {
					3C397149213DEF8400358E89 = {
						CreatedOnToolsVersion = 9.4.1;
					};
					3C39715D213DEF8600358E89 = {
						CreatedOnToolsVersion = 9.4.1;
						TestTargetID = 3C397149213DEF8400358E89;
					};
					3C397168213DEF8600358E89 = {
						CreatedOnToolsVersion = 9.4.1;
						TestTargetID = 3C397149213DEF8400358E89;
					};
				};
			};
			buildConfigurationList = 3C397145213DEF8400358E89 /* Build configuration list for PBXProject "Flix" */;
			compatibilityVersion = "Xcode 9.3";
			developmentRegion = en;
			hasScannedForEncodings = 0;
			knownRegions = (
				en,
				Base,
			);
			mainGroup = 3C397141213DEF8400358E89;
			productRefGroup = 3C39714B213DEF8400358E89 /* Products */;
			projectDirPath = "";
			projectRoot = "";
			targets = (
				3C397149213DEF8400358E89 /* Flix */,
				3C39715D213DEF8600358E89 /* FlixTests */,
				3C397168213DEF8600358E89 /* FlixUITests */,
			);
		};
/* End PBXProject section */

/* Begin PBXResourcesBuildPhase section */
		3C397148213DEF8400358E89 /* Resources */ = {
			isa = PBXResourcesBuildPhase;
			buildActionMask = 2147483647;
			files = (
				3C397158213DEF8600358E89 /* LaunchScreen.storyboard in Resources */,
				3C397155213DEF8600358E89 /* Assets.xcassets in Resources */,
				3C397153213DEF8400358E89 /* Main.storyboard in Resources */,
			);
			runOnlyForDeploymentPostprocessing = 0;
		};
		3C39715C213DEF8600358E89 /* Resources */ = {
			isa = PBXResourcesBuildPhase;
			buildActionMask = 2147483647;
			files = (
			);
			runOnlyForDeploymentPostprocessing = 0;
		};
		3C397167213DEF8600358E89 /* Resources */ = {
			isa = PBXResourcesBuildPhase;
			buildActionMask = 2147483647;
			files = (
			);
			runOnlyForDeploymentPostprocessing = 0;
		};
/* End PBXResourcesBuildPhase section */

/* Begin PBXShellScriptBuildPhase section */
		0A762195148EA56451A7D147 /* [CP] Embed Pods Frameworks */ = {
			isa = PBXShellScriptBuildPhase;
			buildActionMask = 2147483647;
			files = (
			);
			inputPaths = (
				"${SRCROOT}/Pods/Target Support Files/Pods-Flix/Pods-Flix-frameworks.sh",
				"${BUILT_PRODUCTS_DIR}/Alamofire/Alamofire.framework",
				"${BUILT_PRODUCTS_DIR}/AlamofireImage/AlamofireImage.framework",
				"${BUILT_PRODUCTS_DIR}/MBProgressHUD/MBProgressHUD.framework",
			);
			name = "[CP] Embed Pods Frameworks";
			outputPaths = (
				"${TARGET_BUILD_DIR}/${FRAMEWORKS_FOLDER_PATH}/Alamofire.framework",
				"${TARGET_BUILD_DIR}/${FRAMEWORKS_FOLDER_PATH}/AlamofireImage.framework",
				"${TARGET_BUILD_DIR}/${FRAMEWORKS_FOLDER_PATH}/MBProgressHUD.framework",
			);
			runOnlyForDeploymentPostprocessing = 0;
			shellPath = /bin/sh;
			shellScript = "\"${SRCROOT}/Pods/Target Support Files/Pods-Flix/Pods-Flix-frameworks.sh\"\n";
			showEnvVarsInLog = 0;
		};
		0D3AB02A915761A832F815EC /* [CP] Check Pods Manifest.lock */ = {
			isa = PBXShellScriptBuildPhase;
			buildActionMask = 2147483647;
			files = (
			);
			inputPaths = (
				"${PODS_PODFILE_DIR_PATH}/Podfile.lock",
				"${PODS_ROOT}/Manifest.lock",
			);
			name = "[CP] Check Pods Manifest.lock";
			outputPaths = (
				"$(DERIVED_FILE_DIR)/Pods-Flix-checkManifestLockResult.txt",
			);
			runOnlyForDeploymentPostprocessing = 0;
			shellPath = /bin/sh;
			shellScript = "diff \"${PODS_PODFILE_DIR_PATH}/Podfile.lock\" \"${PODS_ROOT}/Manifest.lock\" > /dev/null\nif [ $? != 0 ] ; then\n    # print error to STDERR\n    echo \"error: The sandbox is not in sync with the Podfile.lock. Run 'pod install' or update your CocoaPods installation.\" >&2\n    exit 1\nfi\n# This output is used by Xcode 'outputs' to avoid re-running this script phase.\necho \"SUCCESS\" > \"${SCRIPT_OUTPUT_FILE_0}\"\n";
			showEnvVarsInLog = 0;
		};
		284B50E81180F7C0A01A7F0E /* [CP] Check Pods Manifest.lock */ = {
			isa = PBXShellScriptBuildPhase;
			buildActionMask = 2147483647;
			files = (
			);
			inputPaths = (
				"${PODS_PODFILE_DIR_PATH}/Podfile.lock",
				"${PODS_ROOT}/Manifest.lock",
			);
			name = "[CP] Check Pods Manifest.lock";
			outputPaths = (
				"$(DERIVED_FILE_DIR)/Pods-FlixUITests-checkManifestLockResult.txt",
			);
			runOnlyForDeploymentPostprocessing = 0;
			shellPath = /bin/sh;
			shellScript = "diff \"${PODS_PODFILE_DIR_PATH}/Podfile.lock\" \"${PODS_ROOT}/Manifest.lock\" > /dev/null\nif [ $? != 0 ] ; then\n    # print error to STDERR\n    echo \"error: The sandbox is not in sync with the Podfile.lock. Run 'pod install' or update your CocoaPods installation.\" >&2\n    exit 1\nfi\n# This output is used by Xcode 'outputs' to avoid re-running this script phase.\necho \"SUCCESS\" > \"${SCRIPT_OUTPUT_FILE_0}\"\n";
			showEnvVarsInLog = 0;
		};
		AE231E04905BAC0D23B8BABE /* [CP] Check Pods Manifest.lock */ = {
			isa = PBXShellScriptBuildPhase;
			buildActionMask = 2147483647;
			files = (
			);
			inputPaths = (
				"${PODS_PODFILE_DIR_PATH}/Podfile.lock",
				"${PODS_ROOT}/Manifest.lock",
			);
			name = "[CP] Check Pods Manifest.lock";
			outputPaths = (
				"$(DERIVED_FILE_DIR)/Pods-FlixTests-checkManifestLockResult.txt",
			);
			runOnlyForDeploymentPostprocessing = 0;
			shellPath = /bin/sh;
			shellScript = "diff \"${PODS_PODFILE_DIR_PATH}/Podfile.lock\" \"${PODS_ROOT}/Manifest.lock\" > /dev/null\nif [ $? != 0 ] ; then\n    # print error to STDERR\n    echo \"error: The sandbox is not in sync with the Podfile.lock. Run 'pod install' or update your CocoaPods installation.\" >&2\n    exit 1\nfi\n# This output is used by Xcode 'outputs' to avoid re-running this script phase.\necho \"SUCCESS\" > \"${SCRIPT_OUTPUT_FILE_0}\"\n";
			showEnvVarsInLog = 0;
		};
/* End PBXShellScriptBuildPhase section */

/* Begin PBXSourcesBuildPhase section */
		3C397146213DEF8400358E89 /* Sources */ = {
			isa = PBXSourcesBuildPhase;
			buildActionMask = 2147483647;
			files = (
				3C39717C213DF8B900358E89 /* NowPlayingViewController.swift in Sources */,
				3C9FB90B214ADAB8008B3279 /* PosterCell.swift in Sources */,
				3C9FB90D214ADB18008B3279 /* SuperheroViewController.swift in Sources */,
				3C39714E213DEF8400358E89 /* AppDelegate.swift in Sources */,
				3C57DBEA213E07D300623B60 /* MovieCell.swift in Sources */,
				3CC96E4B2149BB0A0002FBFF /* DetailViewController.swift in Sources */,
			);
			runOnlyForDeploymentPostprocessing = 0;
		};
		3C39715A213DEF8600358E89 /* Sources */ = {
			isa = PBXSourcesBuildPhase;
			buildActionMask = 2147483647;
			files = (
				3C397163213DEF8600358E89 /* FlixTests.swift in Sources */,
			);
			runOnlyForDeploymentPostprocessing = 0;
		};
		3C397165213DEF8600358E89 /* Sources */ = {
			isa = PBXSourcesBuildPhase;
			buildActionMask = 2147483647;
			files = (
				3C39716E213DEF8600358E89 /* FlixUITests.swift in Sources */,
			);
			runOnlyForDeploymentPostprocessing = 0;
		};
/* End PBXSourcesBuildPhase section */

/* Begin PBXTargetDependency section */
		3C397160213DEF8600358E89 /* PBXTargetDependency */ = {
			isa = PBXTargetDependency;
			target = 3C397149213DEF8400358E89 /* Flix */;
			targetProxy = 3C39715F213DEF8600358E89 /* PBXContainerItemProxy */;
		};
		3C39716B213DEF8600358E89 /* PBXTargetDependency */ = {
			isa = PBXTargetDependency;
			target = 3C397149213DEF8400358E89 /* Flix */;
			targetProxy = 3C39716A213DEF8600358E89 /* PBXContainerItemProxy */;
		};
/* End PBXTargetDependency section */

/* Begin PBXVariantGroup section */
		3C397151213DEF8400358E89 /* Main.storyboard */ = {
			isa = PBXVariantGroup;
			children = (
				3C397152213DEF8400358E89 /* Base */,
			);
			name = Main.storyboard;
			sourceTree = "<group>";
		};
		3C397156213DEF8600358E89 /* LaunchScreen.storyboard */ = {
			isa = PBXVariantGroup;
			children = (
				3C397157213DEF8600358E89 /* Base */,
			);
			name = LaunchScreen.storyboard;
			sourceTree = "<group>";
		};
/* End PBXVariantGroup section */

/* Begin XCBuildConfiguration section */
		3C397170213DEF8600358E89 /* Debug */ = {
			isa = XCBuildConfiguration;
			buildSettings = {
				ALWAYS_SEARCH_USER_PATHS = NO;
				CLANG_ANALYZER_NONNULL = YES;
				CLANG_ANALYZER_NUMBER_OBJECT_CONVERSION = YES_AGGRESSIVE;
				CLANG_CXX_LANGUAGE_STANDARD = "gnu++14";
				CLANG_CXX_LIBRARY = "libc++";
				CLANG_ENABLE_MODULES = YES;
				CLANG_ENABLE_OBJC_ARC = YES;
				CLANG_ENABLE_OBJC_WEAK = YES;
				CLANG_WARN_BLOCK_CAPTURE_AUTORELEASING = YES;
				CLANG_WARN_BOOL_CONVERSION = YES;
				CLANG_WARN_COMMA = YES;
				CLANG_WARN_CONSTANT_CONVERSION = YES;
				CLANG_WARN_DEPRECATED_OBJC_IMPLEMENTATIONS = YES;
				CLANG_WARN_DIRECT_OBJC_ISA_USAGE = YES_ERROR;
				CLANG_WARN_DOCUMENTATION_COMMENTS = YES;
				CLANG_WARN_EMPTY_BODY = YES;
				CLANG_WARN_ENUM_CONVERSION = YES;
				CLANG_WARN_INFINITE_RECURSION = YES;
				CLANG_WARN_INT_CONVERSION = YES;
				CLANG_WARN_NON_LITERAL_NULL_CONVERSION = YES;
				CLANG_WARN_OBJC_IMPLICIT_RETAIN_SELF = YES;
				CLANG_WARN_OBJC_LITERAL_CONVERSION = YES;
				CLANG_WARN_OBJC_ROOT_CLASS = YES_ERROR;
				CLANG_WARN_RANGE_LOOP_ANALYSIS = YES;
				CLANG_WARN_STRICT_PROTOTYPES = YES;
				CLANG_WARN_SUSPICIOUS_MOVE = YES;
				CLANG_WARN_UNGUARDED_AVAILABILITY = YES_AGGRESSIVE;
				CLANG_WARN_UNREACHABLE_CODE = YES;
				CLANG_WARN__DUPLICATE_METHOD_MATCH = YES;
				CODE_SIGN_IDENTITY = "iPhone Developer";
				COPY_PHASE_STRIP = NO;
				DEBUG_INFORMATION_FORMAT = dwarf;
				ENABLE_STRICT_OBJC_MSGSEND = YES;
				ENABLE_TESTABILITY = YES;
				GCC_C_LANGUAGE_STANDARD = gnu11;
				GCC_DYNAMIC_NO_PIC = NO;
				GCC_NO_COMMON_BLOCKS = YES;
				GCC_OPTIMIZATION_LEVEL = 0;
				GCC_PREPROCESSOR_DEFINITIONS = (
					"DEBUG=1",
					"$(inherited)",
				);
				GCC_WARN_64_TO_32_BIT_CONVERSION = YES;
				GCC_WARN_ABOUT_RETURN_TYPE = YES_ERROR;
				GCC_WARN_UNDECLARED_SELECTOR = YES;
				GCC_WARN_UNINITIALIZED_AUTOS = YES_AGGRESSIVE;
				GCC_WARN_UNUSED_FUNCTION = YES;
				GCC_WARN_UNUSED_VARIABLE = YES;
				IPHONEOS_DEPLOYMENT_TARGET = 11.4;
				MTL_ENABLE_DEBUG_INFO = YES;
				ONLY_ACTIVE_ARCH = YES;
				SDKROOT = iphoneos;
				SWIFT_ACTIVE_COMPILATION_CONDITIONS = DEBUG;
				SWIFT_OPTIMIZATION_LEVEL = "-Onone";
			};
			name = Debug;
		};
		3C397171213DEF8600358E89 /* Release */ = {
			isa = XCBuildConfiguration;
			buildSettings = {
				ALWAYS_SEARCH_USER_PATHS = NO;
				CLANG_ANALYZER_NONNULL = YES;
				CLANG_ANALYZER_NUMBER_OBJECT_CONVERSION = YES_AGGRESSIVE;
				CLANG_CXX_LANGUAGE_STANDARD = "gnu++14";
				CLANG_CXX_LIBRARY = "libc++";
				CLANG_ENABLE_MODULES = YES;
				CLANG_ENABLE_OBJC_ARC = YES;
				CLANG_ENABLE_OBJC_WEAK = YES;
				CLANG_WARN_BLOCK_CAPTURE_AUTORELEASING = YES;
				CLANG_WARN_BOOL_CONVERSION = YES;
				CLANG_WARN_COMMA = YES;
				CLANG_WARN_CONSTANT_CONVERSION = YES;
				CLANG_WARN_DEPRECATED_OBJC_IMPLEMENTATIONS = YES;
				CLANG_WARN_DIRECT_OBJC_ISA_USAGE = YES_ERROR;
				CLANG_WARN_DOCUMENTATION_COMMENTS = YES;
				CLANG_WARN_EMPTY_BODY = YES;
				CLANG_WARN_ENUM_CONVERSION = YES;
				CLANG_WARN_INFINITE_RECURSION = YES;
				CLANG_WARN_INT_CONVERSION = YES;
				CLANG_WARN_NON_LITERAL_NULL_CONVERSION = YES;
				CLANG_WARN_OBJC_IMPLICIT_RETAIN_SELF = YES;
				CLANG_WARN_OBJC_LITERAL_CONVERSION = YES;
				CLANG_WARN_OBJC_ROOT_CLASS = YES_ERROR;
				CLANG_WARN_RANGE_LOOP_ANALYSIS = YES;
				CLANG_WARN_STRICT_PROTOTYPES = YES;
				CLANG_WARN_SUSPICIOUS_MOVE = YES;
				CLANG_WARN_UNGUARDED_AVAILABILITY = YES_AGGRESSIVE;
				CLANG_WARN_UNREACHABLE_CODE = YES;
				CLANG_WARN__DUPLICATE_METHOD_MATCH = YES;
				CODE_SIGN_IDENTITY = "iPhone Developer";
				COPY_PHASE_STRIP = NO;
				DEBUG_INFORMATION_FORMAT = "dwarf-with-dsym";
				ENABLE_NS_ASSERTIONS = NO;
				ENABLE_STRICT_OBJC_MSGSEND = YES;
				GCC_C_LANGUAGE_STANDARD = gnu11;
				GCC_NO_COMMON_BLOCKS = YES;
				GCC_WARN_64_TO_32_BIT_CONVERSION = YES;
				GCC_WARN_ABOUT_RETURN_TYPE = YES_ERROR;
				GCC_WARN_UNDECLARED_SELECTOR = YES;
				GCC_WARN_UNINITIALIZED_AUTOS = YES_AGGRESSIVE;
				GCC_WARN_UNUSED_FUNCTION = YES;
				GCC_WARN_UNUSED_VARIABLE = YES;
				IPHONEOS_DEPLOYMENT_TARGET = 11.4;
				MTL_ENABLE_DEBUG_INFO = NO;
				SDKROOT = iphoneos;
				SWIFT_COMPILATION_MODE = wholemodule;
				SWIFT_OPTIMIZATION_LEVEL = "-O";
				VALIDATE_PRODUCT = YES;
			};
			name = Release;
		};
		3C397173213DEF8600358E89 /* Debug */ = {
			isa = XCBuildConfiguration;
			baseConfigurationReference = 7977214B98F104B453A29D88 /* Pods-Flix.debug.xcconfig */;
			buildSettings = {
				ASSETCATALOG_COMPILER_APPICON_NAME = AppIcon;
				CODE_SIGN_STYLE = Automatic;
				INFOPLIST_FILE = Flix/Info.plist;
				LD_RUNPATH_SEARCH_PATHS = (
					"$(inherited)",
					"@executable_path/Frameworks",
				);
				PRODUCT_BUNDLE_IDENTIFIER = donie.Flix;
				PRODUCT_NAME = "$(TARGET_NAME)";
				SWIFT_VERSION = 4.0;
				TARGETED_DEVICE_FAMILY = "1,2";
			};
			name = Debug;
		};
		3C397174213DEF8600358E89 /* Release */ = {
			isa = XCBuildConfiguration;
			baseConfigurationReference = BE6BB56ECE3F18C35F762102 /* Pods-Flix.release.xcconfig */;
			buildSettings = {
				ASSETCATALOG_COMPILER_APPICON_NAME = AppIcon;
				CODE_SIGN_STYLE = Automatic;
				INFOPLIST_FILE = Flix/Info.plist;
				LD_RUNPATH_SEARCH_PATHS = (
					"$(inherited)",
					"@executable_path/Frameworks",
				);
				PRODUCT_BUNDLE_IDENTIFIER = donie.Flix;
				PRODUCT_NAME = "$(TARGET_NAME)";
				SWIFT_VERSION = 4.0;
				TARGETED_DEVICE_FAMILY = "1,2";
			};
			name = Release;
		};
		3C397176213DEF8600358E89 /* Debug */ = {
			isa = XCBuildConfiguration;
			baseConfigurationReference = 009817E754BD97F771A6870B /* Pods-FlixTests.debug.xcconfig */;
			buildSettings = {
				ALWAYS_EMBED_SWIFT_STANDARD_LIBRARIES = YES;
				BUNDLE_LOADER = "$(TEST_HOST)";
				CODE_SIGN_STYLE = Automatic;
				INFOPLIST_FILE = FlixTests/Info.plist;
				LD_RUNPATH_SEARCH_PATHS = (
					"$(inherited)",
					"@executable_path/Frameworks",
					"@loader_path/Frameworks",
				);
				PRODUCT_BUNDLE_IDENTIFIER = donie.FlixTests;
				PRODUCT_NAME = "$(TARGET_NAME)";
				SWIFT_VERSION = 4.0;
				TARGETED_DEVICE_FAMILY = "1,2";
				TEST_HOST = "$(BUILT_PRODUCTS_DIR)/Flix.app/Flix";
			};
			name = Debug;
		};
		3C397177213DEF8600358E89 /* Release */ = {
			isa = XCBuildConfiguration;
			baseConfigurationReference = 41DA12D49BF05E5CE82BD3F4 /* Pods-FlixTests.release.xcconfig */;
			buildSettings = {
				ALWAYS_EMBED_SWIFT_STANDARD_LIBRARIES = YES;
				BUNDLE_LOADER = "$(TEST_HOST)";
				CODE_SIGN_STYLE = Automatic;
				INFOPLIST_FILE = FlixTests/Info.plist;
				LD_RUNPATH_SEARCH_PATHS = (
					"$(inherited)",
					"@executable_path/Frameworks",
					"@loader_path/Frameworks",
				);
				PRODUCT_BUNDLE_IDENTIFIER = donie.FlixTests;
				PRODUCT_NAME = "$(TARGET_NAME)";
				SWIFT_VERSION = 4.0;
				TARGETED_DEVICE_FAMILY = "1,2";
				TEST_HOST = "$(BUILT_PRODUCTS_DIR)/Flix.app/Flix";
			};
			name = Release;
		};
		3C397179213DEF8600358E89 /* Debug */ = {
			isa = XCBuildConfiguration;
			baseConfigurationReference = ECE2177EC29D764DE9355580 /* Pods-FlixUITests.debug.xcconfig */;
			buildSettings = {
				ALWAYS_EMBED_SWIFT_STANDARD_LIBRARIES = YES;
				CODE_SIGN_STYLE = Automatic;
				INFOPLIST_FILE = FlixUITests/Info.plist;
				LD_RUNPATH_SEARCH_PATHS = (
					"$(inherited)",
					"@executable_path/Frameworks",
					"@loader_path/Frameworks",
				);
				PRODUCT_BUNDLE_IDENTIFIER = donie.FlixUITests;
				PRODUCT_NAME = "$(TARGET_NAME)";
				SWIFT_VERSION = 4.0;
				TARGETED_DEVICE_FAMILY = "1,2";
				TEST_TARGET_NAME = Flix;
			};
			name = Debug;
		};
		3C39717A213DEF8600358E89 /* Release */ = {
			isa = XCBuildConfiguration;
			baseConfigurationReference = F7A4AC72F2E34D4702DD5201 /* Pods-FlixUITests.release.xcconfig */;
			buildSettings = {
				ALWAYS_EMBED_SWIFT_STANDARD_LIBRARIES = YES;
				CODE_SIGN_STYLE = Automatic;
				INFOPLIST_FILE = FlixUITests/Info.plist;
				LD_RUNPATH_SEARCH_PATHS = (
					"$(inherited)",
					"@executable_path/Frameworks",
					"@loader_path/Frameworks",
				);
				PRODUCT_BUNDLE_IDENTIFIER = donie.FlixUITests;
				PRODUCT_NAME = "$(TARGET_NAME)";
				SWIFT_VERSION = 4.0;
				TARGETED_DEVICE_FAMILY = "1,2";
				TEST_TARGET_NAME = Flix;
			};
			name = Release;
		};
/* End XCBuildConfiguration section */

/* Begin XCConfigurationList section */
		3C397145213DEF8400358E89 /* Build configuration list for PBXProject "Flix" */ = {
			isa = XCConfigurationList;
			buildConfigurations = (
				3C397170213DEF8600358E89 /* Debug */,
				3C397171213DEF8600358E89 /* Release */,
			);
			defaultConfigurationIsVisible = 0;
			defaultConfigurationName = Release;
		};
		3C397172213DEF8600358E89 /* Build configuration list for PBXNativeTarget "Flix" */ = {
			isa = XCConfigurationList;
			buildConfigurations = (
				3C397173213DEF8600358E89 /* Debug */,
				3C397174213DEF8600358E89 /* Release */,
			);
			defaultConfigurationIsVisible = 0;
			defaultConfigurationName = Release;
		};
		3C397175213DEF8600358E89 /* Build configuration list for PBXNativeTarget "FlixTests" */ = {
			isa = XCConfigurationList;
			buildConfigurations = (
				3C397176213DEF8600358E89 /* Debug */,
				3C397177213DEF8600358E89 /* Release */,
			);
			defaultConfigurationIsVisible = 0;
			defaultConfigurationName = Release;
		};
		3C397178213DEF8600358E89 /* Build configuration list for PBXNativeTarget "FlixUITests" */ = {
			isa = XCConfigurationList;
			buildConfigurations = (
				3C397179213DEF8600358E89 /* Debug */,
				3C39717A213DEF8600358E89 /* Release */,
			);
			defaultConfigurationIsVisible = 0;
			defaultConfigurationName = Release;
		};
/* End XCConfigurationList section */
	};
	rootObject = 3C397142213DEF8400358E89 /* Project object */;
}
